PODS:
  - Alamofire (5.11.1)
  - cysmart_ota_update (1.0.0)
  - DGCharts (5.1.0):
    - DGCharts/Core (= 5.1.0)
  - DGCharts/Core (5.1.0)
  - FMDB (2.7.12):
    - FMDB/standard (= 2.7.12)
  - FMDB/Core (2.7.12)
  - FMDB/standard (2.7.12):
    - FMDB/Core
  - HandyJSON (5.0.2)
  - Masonry (1.1.0)
  - MBProgressHUD (1.2.0)
  - MJRefresh (3.4.3)
  - NordicDFU (4.16.0):
    - ZIPFoundation (= 0.9.19)
  - SnapKit (5.7.1)
  - SwiftEventBus (5.0.0)
  - WHToast (0.0.8)
  - WMPageController (2.4.3)
  - ZIPFoundation (0.9.19)

DEPENDENCIES:
  - Alamofire
  - cysmart_ota_update (~> 1.0.0)
  - DGCharts
  - FMDB
  - HandyJSON (~> 5.0.0)
  - Masonry
  - MBProgressHUD (from `https://github.com/jdg/MBProgressHUD.git`, commit `18c442d57398cee5ef57f852df10fc5ff65f0763`)
  - MJRefresh (~> 3.4.3)
  - NordicDFU
  - SnapKit (~> 5.7.1)
  - SwiftEventBus
  - WHToast (~> 0.0.3)
  - WMPageController (~> 2.4.0)

SPEC REPOS:
  trunk:
    - Alamofire
    - cysmart_ota_update
    - DGCharts
    - FMDB
    - HandyJSON
    - Masonry
    - MJRefresh
    - NordicDFU
    - SnapKit
    - SwiftEventBus
    - WHToast
    - WMPageController
    - ZIPFoundation

EXTERNAL SOURCES:
  MBProgressHUD:
    :commit: 18c442d57398cee5ef57f852df10fc5ff65f0763
    :git: https://github.com/jdg/MBProgressHUD.git

CHECKOUT OPTIONS:
  MBProgressHUD:
    :commit: 18c442d57398cee5ef57f852df10fc5ff65f0763
    :git: https://github.com/jdg/MBProgressHUD.git

SPEC CHECKSUMS:
  Alamofire: eec6cd8f73b242b59e34153a606a909eb9864b14
  cysmart_ota_update: f04e11fcb7cadbb45b8d3118bbd7776615b90723
  DGCharts: 1c6daf585b6cfc78807af44ea690d357c410627f
  FMDB: 728731dd336af3936ce00f91d9d8495f5718a0e6
  HandyJSON: 9e4e236f5d2dbefad5155a77417bbea438201c03
  Masonry: 678fab65091a9290e40e2832a55e7ab731aad201
  MBProgressHUD: 1b0fb447e80a0fda94808180750e8b78a07b3cd2
  MJRefresh: 53e3e3219f204425ee6d3e62e8733d3295944cd6
  NordicDFU: 116a4ec458945889f8e0e71759e03b23c39c3482
  SnapKit: d612e99e678a2d3b95bf60b0705ed0a35c03484a
  SwiftEventBus: b30f617a6aca5a9336464b4d3f5931034762f2d5
  WHToast: 5da5bb80bdd1fea9455d4215577d9c5be2c506b8
  WMPageController: 4c7f2c636675a71aea5eecf8fdc07a0ce86954e3
  ZIPFoundation: b8c29ea7ae353b309bc810586181fd073cb3312c

PODFILE CHECKSUM: 733eece28be55a05e195924efb9cb1251d9d3586

COCOAPODS: 1.16.2
